{
    "_readme": [
        "This file locks the dependencies of your project to a known state",
        "Read more about it at https://getcomposer.org/doc/01-basic-usage.md#installing-dependencies",
        "This file is @generated automatically"
    ],
    "content-hash": "841f67c370a8cbce3a4516c06e9afefe",
    "packages": [
        {
            "name": "mix/console",
            "version": "v2.0.4",
            "source": {
                "type": "git",
                "url": "https://github.com/mix-php/console.git",
                "reference": "95139a893edc50b4cb9751063a8c5abbb84b9d45"
            },
            "dist": {
                "type": "zip",
                "url": "https://api.github.com/repos/mix-php/console/zipball/95139a893edc50b4cb9751063a8c5abbb84b9d45",
                "reference": "95139a893edc50b4cb9751063a8c5abbb84b9d45",
                "shasum": "",
                "mirrors": [
                    {
                        "url": "https://dl.laravel-china.org/%package%/%reference%.%type%",
                        "preferred": true
                    }
                ]
            },
            "require": {
                "mix/framework": "~2.0.0",
                "php": ">=7.0.0"
            },
            "type": "framework",
            "autoload": {
                "psr-4": {
                    "Mix\\Console\\": "src/"
                }
            },
            "notification-url": "https://packagist.org/downloads/",
            "license": [
                "Apache-2.0"
            ],
            "authors": [
                {
                    "name": "liu,jian",
                    "email": "coder.keda@gmail.com"
                }
            ],
            "description": "MixPHP 框架模块 http://www.mixphp.cn",
            "homepage": "http://www.mixphp.cn/",
            "keywords": [
                "framework",
                "mixphp",
                "swoole"
            ],
            "time": "2019-06-11T05:19:02+00:00"
        },
        {
            "name": "mix/framework",
            "version": "v2.0.6",
            "source": {
                "type": "git",
                "url": "https://github.com/mix-php/framework.git",
                "reference": "b4191610292026cc5683d3cd1a3792f73a2b4eb6"
            },
            "dist": {
                "type": "zip",
                "url": "https://api.github.com/repos/mix-php/framework/zipball/b4191610292026cc5683d3cd1a3792f73a2b4eb6",
                "reference": "b4191610292026cc5683d3cd1a3792f73a2b4eb6",
                "shasum": "",
                "mirrors": [
                    {
                        "url": "https://dl.laravel-china.org/%package%/%reference%.%type%",
                        "preferred": true
                    }
                ]
            },
            "require": {
                "php": ">=7.0.0",
                "psr/container": "~1.0"
            },
            "type": "framework",
            "autoload": {
                "psr-4": {
                    "Mix\\": "src/"
                },
                "classmap": [
                    "src/Mix.php"
                ],
                "files": [
                    "src/functions.php"
                ]
            },
            "notification-url": "https://packagist.org/downloads/",
            "license": [
                "Apache-2.0"
            ],
            "authors": [
                {
                    "name": "liu,jian",
                    "email": "coder.keda@gmail.com"
                }
            ],
            "description": "MixPHP 框架核心 http://www.mixphp.cn",
            "homepage": "http://www.mixphp.cn/",
            "keywords": [
                "framework",
                "mixphp",
                "swoole"
            ],
            "time": "2019-06-14T11:29:08+00:00"
        },
        {
            "name": "mix/log",
            "version": "v2.0.2",
            "source": {
                "type": "git",
                "url": "https://github.com/mix-php/mix-log.git",
                "reference": "6e725fa9d101057b8398f66711bfd29977db60e2"
            },
            "dist": {
                "type": "zip",
                "url": "https://api.github.com/repos/mix-php/mix-log/zipball/6e725fa9d101057b8398f66711bfd29977db60e2",
                "reference": "6e725fa9d101057b8398f66711bfd29977db60e2",
                "shasum": "",
                "mirrors": [
                    {
                        "url": "https://dl.laravel-china.org/%package%/%reference%.%type%",
                        "preferred": true
                    }
                ]
            },
            "require": {
                "mix/framework": "~2.0.0",
                "php": ">=7.0.0",
                "psr/log": "~1.0"
            },
            "type": "framework",
            "autoload": {
                "psr-4": {
                    "Mix\\Log\\": "src/"
                }
            },
            "notification-url": "https://packagist.org/downloads/",
            "license": [
                "Apache-2.0"
            ],
            "authors": [
                {
                    "name": "liu,jian",
                    "email": "coder.keda@gmail.com"
                }
            ],
            "description": "MixPHP 框架模块 http://www.mixphp.cn",
            "homepage": "http://www.mixphp.cn/",
            "keywords": [
                "framework",
                "mixphp",
                "swoole"
            ],
            "time": "2019-05-09T02:51:07+00:00"
        },
        {
            "name": "psr/container",
            "version": "1.0.0",
            "source": {
                "type": "git",
                "url": "https://github.com/php-fig/container.git",
                "reference": "b7ce3b176482dbbc1245ebf52b181af44c2cf55f"
            },
            "dist": {
                "type": "zip",
                "url": "https://api.github.com/repos/php-fig/container/zipball/b7ce3b176482dbbc1245ebf52b181af44c2cf55f",
                "reference": "b7ce3b176482dbbc1245ebf52b181af44c2cf55f",
                "shasum": "",
                "mirrors": [
                    {
                        "url": "https://dl.laravel-china.org/%package%/%reference%.%type%",
                        "preferred": true
                    }
                ]
            },
            "require": {
                "php": ">=5.3.0"
            },
            "type": "library",
            "extra": {
                "branch-alias": {
                    "dev-master": "1.0.x-dev"
                }
            },
            "autoload": {
                "psr-4": {
                    "Psr\\Container\\": "src/"
                }
            },
            "notification-url": "https://packagist.org/downloads/",
            "license": [
                "MIT"
            ],
            "authors": [
                {
                    "name": "PHP-FIG",
                    "homepage": "http://www.php-fig.org/"
                }
            ],
            "description": "Common Container Interface (PHP FIG PSR-11)",
            "homepage": "https://github.com/php-fig/container",
            "keywords": [
                "PSR-11",
                "container",
                "container-interface",
                "container-interop",
                "psr"
            ],
            "time": "2017-02-14T16:28:37+00:00"
        },
        {
            "name": "psr/log",
            "version": "1.1.0",
            "source": {
                "type": "git",
                "url": "https://github.com/php-fig/log.git",
                "reference": "6c001f1daafa3a3ac1d8ff69ee4db8e799a654dd"
            },
            "dist": {
                "type": "zip",
                "url": "https://api.github.com/repos/php-fig/log/zipball/6c001f1daafa3a3ac1d8ff69ee4db8e799a654dd",
                "reference": "6c001f1daafa3a3ac1d8ff69ee4db8e799a654dd",
                "shasum": "",
                "mirrors": [
                    {
                        "url": "https://dl.laravel-china.org/%package%/%reference%.%type%",
                        "preferred": true
                    }
                ]
            },
            "require": {
                "php": ">=5.3.0"
            },
            "type": "library",
            "extra": {
                "branch-alias": {
                    "dev-master": "1.0.x-dev"
                }
            },
            "autoload": {
                "psr-4": {
                    "Psr\\Log\\": "Psr/Log/"
                }
            },
            "notification-url": "https://packagist.org/downloads/",
            "license": [
                "MIT"
            ],
            "authors": [
                {
                    "name": "PHP-FIG",
                    "homepage": "http://www.php-fig.org/"
                }
            ],
            "description": "Common interface for logging libraries",
            "homepage": "https://github.com/php-fig/log",
            "keywords": [
                "log",
                "psr",
                "psr-3"
            ],
            "time": "2018-11-20T15:27:04+00:00"
        }
    ],
    "packages-dev": [],
    "aliases": [],
    "minimum-stability": "stable",
    "stability-flags": [],
    "prefer-stable": false,
    "prefer-lowest": false,
    "platform": {
        "php": ">=7.0.0"
    },
    "platform-dev": []
}
