{
    "_readme": [
        "This file locks the dependencies of your project to a known state",
        "Read more about it at https://getcomposer.org/doc/01-basic-usage.md#installing-dependencies",
        "This file is @generated automatically"
    ],
    "content-hash": "d0641b42595df8f2046e530c7223fa51",
    "packages": [
        {
            "name": "mix/bean",
            "version": "v2.1.0-RC",
            "source": {
                "type": "git",
                "url": "https://github.com/mix-php/bean.git",
                "reference": "b54d19a1ffa7994084db3b362b017367639883d1"
            },
            "dist": {
                "type": "zip",
                "url": "https://api.github.com/repos/mix-php/bean/zipball/b54d19a1ffa7994084db3b362b017367639883d1",
                "reference": "b54d19a1ffa7994084db3b362b017367639883d1",
                "shasum": "",
                "mirrors": [
                    {
                        "url": "https://mirrors.aliyun.com/composer/dists/%package%/%reference%.%type%",
                        "preferred": true
                    }
                ]
            },
            "require": {
                "php": ">=7.0.0",
                "php-di/phpdoc-reader": "~2.1",
                "psr/container": "~1.0"
            },
            "type": "framework",
            "autoload": {
                "psr-4": {
                    "Mix\\Bean\\": "src/"
                }
            },
            "notification-url": "https://packagist.org/downloads/",
            "license": [
                "Apache-2.0"
            ],
            "authors": [
                {
                    "name": "liu,jian",
                    "email": "coder.keda@gmail.com"
                }
            ],
            "description": "Mix Bean http://www.mixphp.cn",
            "homepage": "http://www.mixphp.cn/",
            "keywords": [
                "framework",
                "mix",
                "swoole"
            ],
            "time": "2019-10-10T11:21:05+00:00"
        },
        {
            "name": "mix/concurrent",
            "version": "v2.1.0-RC",
            "source": {
                "type": "git",
                "url": "https://github.com/mix-php/concurrent.git",
                "reference": "43b147f3534e03f93ac01284b5adb5fc47c00a98"
            },
            "dist": {
                "type": "zip",
                "url": "https://api.github.com/repos/mix-php/concurrent/zipball/43b147f3534e03f93ac01284b5adb5fc47c00a98",
                "reference": "43b147f3534e03f93ac01284b5adb5fc47c00a98",
                "shasum": "",
                "mirrors": [
                    {
                        "url": "https://mirrors.aliyun.com/composer/dists/%package%/%reference%.%type%",
                        "preferred": true
                    }
                ]
            },
            "require": {
                "mix/bean": "v2.1.0-RC",
                "php": ">=7.0.0"
            },
            "type": "framework",
            "autoload": {
                "psr-4": {
                    "Mix\\Concurrent\\": "src/"
                },
                "files": [
                    "src/functions.php"
                ]
            },
            "notification-url": "https://packagist.org/downloads/",
            "license": [
                "Apache-2.0"
            ],
            "authors": [
                {
                    "name": "liu,jian",
                    "email": "coder.keda@gmail.com"
                }
            ],
            "description": "Mix Concurrent http://www.mixphp.cn",
            "homepage": "http://www.mixphp.cn/",
            "keywords": [
                "framework",
                "mix",
                "swoole"
            ],
            "time": "2019-10-10T11:21:15+00:00"
        },
        {
            "name": "mix/console",
            "version": "v2.1.0-RC",
            "source": {
                "type": "git",
                "url": "https://github.com/mix-php/console.git",
                "reference": "80d7710a3b014a3943dd6f17eaeb216b74c5e6a0"
            },
            "dist": {
                "type": "zip",
                "url": "https://api.github.com/repos/mix-php/console/zipball/80d7710a3b014a3943dd6f17eaeb216b74c5e6a0",
                "reference": "80d7710a3b014a3943dd6f17eaeb216b74c5e6a0",
                "shasum": "",
                "mirrors": [
                    {
                        "url": "https://mirrors.aliyun.com/composer/dists/%package%/%reference%.%type%",
                        "preferred": true
                    }
                ]
            },
            "require": {
                "mix/bean": "v2.1.0-RC",
                "php": ">=7.0.0",
                "psr/log": "~1.0"
            },
            "type": "framework",
            "autoload": {
                "psr-4": {
                    "Mix\\Console\\": "src/"
                },
                "classmap": [
                    "src/Mix.php"
                ],
                "files": [
                    "src/functions.php"
                ]
            },
            "notification-url": "https://packagist.org/downloads/",
            "license": [
                "Apache-2.0"
            ],
            "authors": [
                {
                    "name": "liu,jian",
                    "email": "coder.keda@gmail.com"
                }
            ],
            "description": "Mix Console http://www.mixphp.cn",
            "homepage": "http://www.mixphp.cn/",
            "keywords": [
                "framework",
                "mix",
                "swoole"
            ],
            "time": "2019-10-10T11:21:20+00:00"
        },
        {
            "name": "mix/helper",
            "version": "v2.1.0-RC",
            "source": {
                "type": "git",
                "url": "https://github.com/mix-php/helper.git",
                "reference": "bcae0d48b0688d071e0c291d03eda5f51152ad35"
            },
            "dist": {
                "type": "zip",
                "url": "https://api.github.com/repos/mix-php/helper/zipball/bcae0d48b0688d071e0c291d03eda5f51152ad35",
                "reference": "bcae0d48b0688d071e0c291d03eda5f51152ad35",
                "shasum": "",
                "mirrors": [
                    {
                        "url": "https://mirrors.aliyun.com/composer/dists/%package%/%reference%.%type%",
                        "preferred": true
                    }
                ]
            },
            "require": {
                "ext-json": "*",
                "php": ">=7.0.0"
            },
            "type": "framework",
            "autoload": {
                "psr-4": {
                    "Mix\\Helper\\": "src/"
                }
            },
            "notification-url": "https://packagist.org/downloads/",
            "license": [
                "Apache-2.0"
            ],
            "authors": [
                {
                    "name": "liu,jian",
                    "email": "coder.keda@gmail.com"
                }
            ],
            "description": "Mix Helper http://www.mixphp.cn",
            "homepage": "http://www.mixphp.cn/",
            "keywords": [
                "framework",
                "mix",
                "swoole"
            ],
            "time": "2019-10-10T11:21:58+00:00"
        },
        {
            "name": "mix/log",
            "version": "v2.1.0-RC",
            "source": {
                "type": "git",
                "url": "https://github.com/mix-php/log.git",
                "reference": "ad2a2ba2668263f929e57cbc6560bdad7f09991c"
            },
            "dist": {
                "type": "zip",
                "url": "https://api.github.com/repos/mix-php/log/zipball/ad2a2ba2668263f929e57cbc6560bdad7f09991c",
                "reference": "ad2a2ba2668263f929e57cbc6560bdad7f09991c",
                "shasum": "",
                "mirrors": [
                    {
                        "url": "https://mirrors.aliyun.com/composer/dists/%package%/%reference%.%type%",
                        "preferred": true
                    }
                ]
            },
            "require": {
                "mix/bean": "v2.1.0-RC",
                "php": ">=7.0.0",
                "psr/log": "~1.0"
            },
            "type": "framework",
            "autoload": {
                "psr-4": {
                    "Mix\\Log\\": "src/"
                }
            },
            "notification-url": "https://packagist.org/downloads/",
            "license": [
                "Apache-2.0"
            ],
            "authors": [
                {
                    "name": "liu,jian",
                    "email": "coder.keda@gmail.com"
                }
            ],
            "description": "Mix Log http://www.mixphp.cn",
            "homepage": "http://www.mixphp.cn/",
            "keywords": [
                "framework",
                "mix",
                "swoole"
            ],
            "time": "2019-10-10T11:22:15+00:00"
        },
        {
            "name": "mix/validate",
            "version": "v2.1.0-RC",
            "source": {
                "type": "git",
                "url": "https://github.com/mix-php/validate.git",
                "reference": "6dcb3b11c169039e27c0241dad993f913ac72ba9"
            },
            "dist": {
                "type": "zip",
                "url": "https://api.github.com/repos/mix-php/validate/zipball/6dcb3b11c169039e27c0241dad993f913ac72ba9",
                "reference": "6dcb3b11c169039e27c0241dad993f913ac72ba9",
                "shasum": "",
                "mirrors": [
                    {
                        "url": "https://mirrors.aliyun.com/composer/dists/%package%/%reference%.%type%",
                        "preferred": true
                    }
                ]
            },
            "require": {
                "ext-mbstring": "*",
                "mix/bean": "v2.1.0-RC",
                "php": ">=7.0.0",
                "psr/http-message": "^1.0"
            },
            "type": "framework",
            "autoload": {
                "psr-4": {
                    "Mix\\Validate\\": "src/"
                }
            },
            "notification-url": "https://packagist.org/downloads/",
            "license": [
                "Apache-2.0"
            ],
            "authors": [
                {
                    "name": "liu,jian",
                    "email": "coder.keda@gmail.com"
                }
            ],
            "description": "Mix Validate http://www.mixphp.cn",
            "homepage": "http://www.mixphp.cn/",
            "keywords": [
                "framework",
                "mix",
                "swoole"
            ],
            "time": "2019-10-10T11:23:00+00:00"
        },
        {
            "name": "php-di/phpdoc-reader",
            "version": "2.1.1",
            "source": {
                "type": "git",
                "url": "https://github.com/PHP-DI/PhpDocReader.git",
                "reference": "15678f7451c020226807f520efb867ad26fbbfcf"
            },
            "dist": {
                "type": "zip",
                "url": "https://api.github.com/repos/PHP-DI/PhpDocReader/zipball/15678f7451c020226807f520efb867ad26fbbfcf",
                "reference": "15678f7451c020226807f520efb867ad26fbbfcf",
                "shasum": "",
                "mirrors": [
                    {
                        "url": "https://mirrors.aliyun.com/composer/dists/%package%/%reference%.%type%",
                        "preferred": true
                    }
                ]
            },
            "require": {
                "php": ">=5.4.0"
            },
            "require-dev": {
                "phpunit/phpunit": "~4.6"
            },
            "type": "library",
            "autoload": {
                "psr-4": {
                    "PhpDocReader\\": "src/PhpDocReader"
                }
            },
            "notification-url": "https://packagist.org/downloads/",
            "license": [
                "MIT"
            ],
            "description": "PhpDocReader parses @var and @param values in PHP docblocks (supports namespaced class names with the same resolution rules as PHP)",
            "keywords": [
                "phpdoc",
                "reflection"
            ],
            "time": "2019-09-26T11:24:58+00:00"
        },
        {
            "name": "psr/container",
            "version": "1.0.0",
            "source": {
                "type": "git",
                "url": "https://github.com/php-fig/container.git",
                "reference": "b7ce3b176482dbbc1245ebf52b181af44c2cf55f"
            },
            "dist": {
                "type": "zip",
                "url": "https://api.github.com/repos/php-fig/container/zipball/b7ce3b176482dbbc1245ebf52b181af44c2cf55f",
                "reference": "b7ce3b176482dbbc1245ebf52b181af44c2cf55f",
                "shasum": "",
                "mirrors": [
                    {
                        "url": "https://mirrors.aliyun.com/composer/dists/%package%/%reference%.%type%",
                        "preferred": true
                    }
                ]
            },
            "require": {
                "php": ">=5.3.0"
            },
            "type": "library",
            "extra": {
                "branch-alias": {
                    "dev-master": "1.0.x-dev"
                }
            },
            "autoload": {
                "psr-4": {
                    "Psr\\Container\\": "src/"
                }
            },
            "notification-url": "https://packagist.org/downloads/",
            "license": [
                "MIT"
            ],
            "authors": [
                {
                    "name": "PHP-FIG",
                    "homepage": "http://www.php-fig.org/"
                }
            ],
            "description": "Common Container Interface (PHP FIG PSR-11)",
            "homepage": "https://github.com/php-fig/container",
            "keywords": [
                "PSR-11",
                "container",
                "container-interface",
                "container-interop",
                "psr"
            ],
            "time": "2017-02-14T16:28:37+00:00"
        },
        {
            "name": "psr/http-message",
            "version": "1.0.1",
            "source": {
                "type": "git",
                "url": "https://github.com/php-fig/http-message.git",
                "reference": "f6561bf28d520154e4b0ec72be95418abe6d9363"
            },
            "dist": {
                "type": "zip",
                "url": "https://api.github.com/repos/php-fig/http-message/zipball/f6561bf28d520154e4b0ec72be95418abe6d9363",
                "reference": "f6561bf28d520154e4b0ec72be95418abe6d9363",
                "shasum": "",
                "mirrors": [
                    {
                        "url": "https://mirrors.aliyun.com/composer/dists/%package%/%reference%.%type%",
                        "preferred": true
                    }
                ]
            },
            "require": {
                "php": ">=5.3.0"
            },
            "type": "library",
            "extra": {
                "branch-alias": {
                    "dev-master": "1.0.x-dev"
                }
            },
            "autoload": {
                "psr-4": {
                    "Psr\\Http\\Message\\": "src/"
                }
            },
            "notification-url": "https://packagist.org/downloads/",
            "license": [
                "MIT"
            ],
            "authors": [
                {
                    "name": "PHP-FIG",
                    "homepage": "http://www.php-fig.org/"
                }
            ],
            "description": "Common interface for HTTP messages",
            "homepage": "https://github.com/php-fig/http-message",
            "keywords": [
                "http",
                "http-message",
                "psr",
                "psr-7",
                "request",
                "response"
            ],
            "time": "2016-08-06T14:39:51+00:00"
        },
        {
            "name": "psr/log",
            "version": "1.1.0",
            "source": {
                "type": "git",
                "url": "https://github.com/php-fig/log.git",
                "reference": "6c001f1daafa3a3ac1d8ff69ee4db8e799a654dd"
            },
            "dist": {
                "type": "zip",
                "url": "https://api.github.com/repos/php-fig/log/zipball/6c001f1daafa3a3ac1d8ff69ee4db8e799a654dd",
                "reference": "6c001f1daafa3a3ac1d8ff69ee4db8e799a654dd",
                "shasum": "",
                "mirrors": [
                    {
                        "url": "https://mirrors.aliyun.com/composer/dists/%package%/%reference%.%type%",
                        "preferred": true
                    }
                ]
            },
            "require": {
                "php": ">=5.3.0"
            },
            "type": "library",
            "extra": {
                "branch-alias": {
                    "dev-master": "1.0.x-dev"
                }
            },
            "autoload": {
                "psr-4": {
                    "Psr\\Log\\": "Psr/Log/"
                }
            },
            "notification-url": "https://packagist.org/downloads/",
            "license": [
                "MIT"
            ],
            "authors": [
                {
                    "name": "PHP-FIG",
                    "homepage": "http://www.php-fig.org/"
                }
            ],
            "description": "Common interface for logging libraries",
            "homepage": "https://github.com/php-fig/log",
            "keywords": [
                "log",
                "psr",
                "psr-3"
            ],
            "time": "2018-11-20T15:27:04+00:00"
        }
    ],
    "packages-dev": [
        {
            "name": "swoole/ide-helper",
            "version": "dev-master",
            "source": {
                "type": "git",
                "url": "https://github.com/swoole/ide-helper.git",
                "reference": "9b254a8cd71c6979478e789eb6d63c0f309ae893"
            },
            "dist": {
                "type": "zip",
                "url": "https://api.github.com/repos/swoole/ide-helper/zipball/9b254a8cd71c6979478e789eb6d63c0f309ae893",
                "reference": "9b254a8cd71c6979478e789eb6d63c0f309ae893",
                "shasum": "",
                "mirrors": [
                    {
                        "url": "https://mirrors.aliyun.com/composer/dists/%package%/%reference%.%type%",
                        "preferred": true
                    }
                ]
            },
            "require-dev": {
                "squizlabs/php_codesniffer": "~3.4.0",
                "symfony/filesystem": "~4.3.0",
                "zendframework/zend-code": "~3.3.0"
            },
            "type": "library",
            "notification-url": "https://packagist.org/downloads/",
            "license": [
                "Apache-2.0"
            ],
            "authors": [
                {
                    "name": "Team Swoole",
                    "email": "team@swoole.com"
                }
            ],
            "description": "IDE help files for Swoole.",
            "time": "2019-10-16T01:52:18+00:00"
        }
    ],
    "aliases": [],
    "minimum-stability": "RC",
    "stability-flags": {
        "mix/console": 5,
        "mix/bean": 5,
        "mix/log": 5,
        "mix/validate": 5,
        "mix/helper": 5,
        "mix/concurrent": 5,
        "swoole/ide-helper": 20
    },
    "prefer-stable": false,
    "prefer-lowest": false,
    "platform": {
        "php": ">=7.2.0"
    },
    "platform-dev": []
}
